// !$*UTF8*$!
{
	archiveVersion = 1;
	classes = {
	};
	objectVersion = 46;
	objects = {

/* Begin PBXBuildFile section */
		DC130ECD1D8DBE65007304AF /* WhiteCircle.pdf in Resources */ = {isa = PBXBuildFile; fileRef = DC130ECC1D8DBE65007304AF /* WhiteCircle.pdf */; };
		DC130ED21D8DC6CD007304AF /* ColorShader.vsh in Resources */ = {isa = PBXBuildFile; fileRef = DC130ED11D8DC6CD007304AF /* ColorShader.vsh */; };
		DC130ED41D8DC6D8007304AF /* ColorShader.fsh in Resources */ = {isa = PBXBuildFile; fileRef = DC130ED31D8DC6D8007304AF /* ColorShader.fsh */; };
		DC130ED81D8DC753007304AF /* GLSVoronoiEdgeSprite.swift in Sources */ = {isa = PBXBuildFile; fileRef = DC130ED71D8DC753007304AF /* GLSVoronoiEdgeSprite.swift */; };
		DC130EDA1D8DE2A9007304AF /* WindowResizeController.swift in Sources */ = {isa = PBXBuildFile; fileRef = DC130ED91D8DE2A9007304AF /* WindowResizeController.swift */; };
		DC55FA1F1DA1725B00AB31AA /* TreeController.swift in Sources */ = {isa = PBXBuildFile; fileRef = DC55FA1E1DA1725B00AB31AA /* TreeController.swift */; };
		DC8B22971D8F908C00C0BA11 /* ViewController.swift in Sources */ = {isa = PBXBuildFile; fileRef = DCEA998D1D8CC9F90019964F /* ViewController.swift */; };
		DCEA998C1D8CC9F90019964F /* AppDelegate.swift in Sources */ = {isa = PBXBuildFile; fileRef = DCEA998B1D8CC9F90019964F /* AppDelegate.swift */; };
		DCEA99901D8CC9F90019964F /* Assets.xcassets in Resources */ = {isa = PBXBuildFile; fileRef = DCEA998F1D8CC9F90019964F /* Assets.xcassets */; };
		DCEA99931D8CC9F90019964F /* Main.storyboard in Resources */ = {isa = PBXBuildFile; fileRef = DCEA99911D8CC9F90019964F /* Main.storyboard */; };
		DCEA99B21D8CCA4D0019964F /* CoronaConvenience.framework in Frameworks */ = {isa = PBXBuildFile; fileRef = DCEA999F1D8CCA380019964F /* CoronaConvenience.framework */; };
		DCEA99B31D8CCA4D0019964F /* CoronaGL.framework in Frameworks */ = {isa = PBXBuildFile; fileRef = DCEA99A81D8CCA3E0019964F /* CoronaGL.framework */; };
		DCEA99B41D8CCA4D0019964F /* Voronoi.framework in Frameworks */ = {isa = PBXBuildFile; fileRef = DCEA99B11D8CCA460019964F /* Voronoi.framework */; };
		DCEA99E21D8CFC380019964F /* BasicShader.fsh in Resources */ = {isa = PBXBuildFile; fileRef = DCEA99E01D8CFC380019964F /* BasicShader.fsh */; };
		DCEA99E31D8CFC380019964F /* BasicShader.vsh in Resources */ = {isa = PBXBuildFile; fileRef = DCEA99E11D8CFC380019964F /* BasicShader.vsh */; };
		DCEA99E51D8CFD040019964F /* Atlases.xml in Resources */ = {isa = PBXBuildFile; fileRef = DCEA99E41D8CFD040019964F /* Atlases.xml */; };
		DCEA99E71D8CFD0A0019964F /* WhiteTile.png in Resources */ = {isa = PBXBuildFile; fileRef = DCEA99E61D8CFD0A0019964F /* WhiteTile.png */; };
/* End PBXBuildFile section */

/* Begin PBXContainerItemProxy section */
		DCEA999E1D8CCA380019964F /* PBXContainerItemProxy */ = {
			isa = PBXContainerItemProxy;
			containerPortal = DCEA999A1D8CCA380019964F /* CoronaConvenience.xcodeproj */;
			proxyType = 2;
			remoteGlobalIDString = DC4D07951D7D233A00862432;
			remoteInfo = CoronaConvenience;
		};
		DCEA99A71D8CCA3E0019964F /* PBXContainerItemProxy */ = {
			isa = PBXContainerItemProxy;
			containerPortal = DCEA99A01D8CCA3E0019964F /* CoronaGL.xcodeproj */;
			proxyType = 2;
			remoteGlobalIDString = DC5CDC891D80B30F008C2A8D;
			remoteInfo = CoronaGL;
		};
		DCEA99B01D8CCA460019964F /* PBXContainerItemProxy */ = {
			isa = PBXContainerItemProxy;
			containerPortal = DCEA99A91D8CCA460019964F /* Voronoi.xcodeproj */;
			proxyType = 2;
			remoteGlobalIDString = DC11AF291CFFA232001439BA;
			remoteInfo = Voronoi;
		};
/* End PBXContainerItemProxy section */

/* Begin PBXFileReference section */
		DC130ECC1D8DBE65007304AF /* WhiteCircle.pdf */ = {isa = PBXFileReference; lastKnownFileType = image.pdf; path = WhiteCircle.pdf; sourceTree = "<group>"; };
		DC130ED11D8DC6CD007304AF /* ColorShader.vsh */ = {isa = PBXFileReference; fileEncoding = 4; lastKnownFileType = sourcecode.glsl; path = ColorShader.vsh; sourceTree = "<group>"; };
		DC130ED31D8DC6D8007304AF /* ColorShader.fsh */ = {isa = PBXFileReference; fileEncoding = 4; lastKnownFileType = sourcecode.glsl; path = ColorShader.fsh; sourceTree = "<group>"; };
		DC130ED71D8DC753007304AF /* GLSVoronoiEdgeSprite.swift */ = {isa = PBXFileReference; fileEncoding = 4; lastKnownFileType = sourcecode.swift; path = GLSVoronoiEdgeSprite.swift; sourceTree = "<group>"; };
		DC130ED91D8DE2A9007304AF /* WindowResizeController.swift */ = {isa = PBXFileReference; fileEncoding = 4; lastKnownFileType = sourcecode.swift; path = WindowResizeController.swift; sourceTree = "<group>"; };
		DC55FA1E1DA1725B00AB31AA /* TreeController.swift */ = {isa = PBXFileReference; fileEncoding = 4; lastKnownFileType = sourcecode.swift; path = TreeController.swift; sourceTree = "<group>"; };
		DCEA99881D8CC9F90019964F /* VoronoiVisualizer.app */ = {isa = PBXFileReference; explicitFileType = wrapper.application; includeInIndex = 0; path = VoronoiVisualizer.app; sourceTree = BUILT_PRODUCTS_DIR; };
		DCEA998B1D8CC9F90019964F /* AppDelegate.swift */ = {isa = PBXFileReference; lastKnownFileType = sourcecode.swift; path = AppDelegate.swift; sourceTree = "<group>"; };
		DCEA998D1D8CC9F90019964F /* ViewController.swift */ = {isa = PBXFileReference; lastKnownFileType = sourcecode.swift; path = ViewController.swift; sourceTree = "<group>"; };
		DCEA998F1D8CC9F90019964F /* Assets.xcassets */ = {isa = PBXFileReference; lastKnownFileType = folder.assetcatalog; path = Assets.xcassets; sourceTree = "<group>"; };
		DCEA99921D8CC9F90019964F /* Base */ = {isa = PBXFileReference; lastKnownFileType = file.storyboard; name = Base; path = Base.lproj/Main.storyboard; sourceTree = "<group>"; };
		DCEA99941D8CC9F90019964F /* Info.plist */ = {isa = PBXFileReference; lastKnownFileType = text.plist.xml; path = Info.plist; sourceTree = "<group>"; };
		DCEA999A1D8CCA380019964F /* CoronaConvenience.xcodeproj */ = {isa = PBXFileReference; lastKnownFileType = "wrapper.pb-project"; name = CoronaConvenience.xcodeproj; path = "../Refactored Dependencies/CoronaConvenience/CoronaConvenience.xcodeproj"; sourceTree = "<group>"; };
		DCEA99A01D8CCA3E0019964F /* CoronaGL.xcodeproj */ = {isa = PBXFileReference; lastKnownFileType = "wrapper.pb-project"; name = CoronaGL.xcodeproj; path = "../Refactored Dependencies/CoronaGL/CoronaGL.xcodeproj"; sourceTree = "<group>"; };
		DCEA99A91D8CCA460019964F /* Voronoi.xcodeproj */ = {isa = PBXFileReference; lastKnownFileType = "wrapper.pb-project"; name = Voronoi.xcodeproj; path = ../Voronoi/Voronoi.xcodeproj; sourceTree = "<group>"; };
		DCEA99B61D8CCA4D0019964F /* CoronaStructures.framework */ = {isa = PBXFileReference; lastKnownFileType = wrapper.framework; name = CoronaStructures.framework; path = "../Refactored Dependencies/CoronaStructures/build/Debug-iphoneos/CoronaStructures.framework"; sourceTree = "<group>"; };
		DCEA99E01D8CFC380019964F /* BasicShader.fsh */ = {isa = PBXFileReference; fileEncoding = 4; lastKnownFileType = sourcecode.glsl; path = BasicShader.fsh; sourceTree = "<group>"; };
		DCEA99E11D8CFC380019964F /* BasicShader.vsh */ = {isa = PBXFileReference; fileEncoding = 4; lastKnownFileType = sourcecode.glsl; path = BasicShader.vsh; sourceTree = "<group>"; };
		DCEA99E41D8CFD040019964F /* Atlases.xml */ = {isa = PBXFileReference; fileEncoding = 4; lastKnownFileType = text.xml; path = Atlases.xml; sourceTree = "<group>"; };
		DCEA99E61D8CFD0A0019964F /* WhiteTile.png */ = {isa = PBXFileReference; lastKnownFileType = image.png; path = WhiteTile.png; sourceTree = "<group>"; };
/* End PBXFileReference section */

/* Begin PBXFrameworksBuildPhase section */
		DCEA99851D8CC9F90019964F /* Frameworks */ = {
			isa = PBXFrameworksBuildPhase;
			buildActionMask = 2147483647;
			files = (
				DCEA99B21D8CCA4D0019964F /* CoronaConvenience.framework in Frameworks */,
				DCEA99B31D8CCA4D0019964F /* CoronaGL.framework in Frameworks */,
				DCEA99B41D8CCA4D0019964F /* Voronoi.framework in Frameworks */,
			);
			runOnlyForDeploymentPostprocessing = 0;
		};
/* End PBXFrameworksBuildPhase section */

/* Begin PBXGroup section */
		DCEA997F1D8CC9F90019964F = {
			isa = PBXGroup;
			children = (
				DCEA999A1D8CCA380019964F /* CoronaConvenience.xcodeproj */,
				DCEA99A01D8CCA3E0019964F /* CoronaGL.xcodeproj */,
				DCEA99A91D8CCA460019964F /* Voronoi.xcodeproj */,
				DCEA998A1D8CC9F90019964F /* VoronoiVisualizer */,
				DCEA99891D8CC9F90019964F /* Products */,
				DCEA99B51D8CCA4D0019964F /* Frameworks */,
			);
			sourceTree = "<group>";
		};
		DCEA99891D8CC9F90019964F /* Products */ = {
			isa = PBXGroup;
			children = (
				DCEA99881D8CC9F90019964F /* VoronoiVisualizer.app */,
			);
			name = Products;
			sourceTree = "<group>";
		};
		DCEA998A1D8CC9F90019964F /* VoronoiVisualizer */ = {
			isa = PBXGroup;
			children = (
				DCEA99E41D8CFD040019964F /* Atlases.xml */,
				DCEA99E61D8CFD0A0019964F /* WhiteTile.png */,
				DC130ECC1D8DBE65007304AF /* WhiteCircle.pdf */,
				DCEA998B1D8CC9F90019964F /* AppDelegate.swift */,
				DC130ED71D8DC753007304AF /* GLSVoronoiEdgeSprite.swift */,
				DC55FA1E1DA1725B00AB31AA /* TreeController.swift */,
				DCEA998D1D8CC9F90019964F /* ViewController.swift */,
				DC130ED91D8DE2A9007304AF /* WindowResizeController.swift */,
				DCEA99E11D8CFC380019964F /* BasicShader.vsh */,
				DCEA99E01D8CFC380019964F /* BasicShader.fsh */,
				DC130ED11D8DC6CD007304AF /* ColorShader.vsh */,
				DC130ED31D8DC6D8007304AF /* ColorShader.fsh */,
				DCEA998F1D8CC9F90019964F /* Assets.xcassets */,
				DCEA99911D8CC9F90019964F /* Main.storyboard */,
				DCEA99941D8CC9F90019964F /* Info.plist */,
			);
			path = VoronoiVisualizer;
			sourceTree = "<group>";
		};
		DCEA999B1D8CCA380019964F /* Products */ = {
			isa = PBXGroup;
			children = (
				DCEA999F1D8CCA380019964F /* CoronaConvenience.framework */,
			);
			name = Products;
			sourceTree = "<group>";
		};
		DCEA99A11D8CCA3E0019964F /* Products */ = {
			isa = PBXGroup;
			children = (
				DCEA99A81D8CCA3E0019964F /* CoronaGL.framework */,
			);
			name = Products;
			sourceTree = "<group>";
		};
		DCEA99AA1D8CCA460019964F /* Products */ = {
			isa = PBXGroup;
			children = (
				DCEA99B11D8CCA460019964F /* Voronoi.framework */,
			);
			name = Products;
			sourceTree = "<group>";
		};
		DCEA99B51D8CCA4D0019964F /* Frameworks */ = {
			isa = PBXGroup;
			children = (
				DCEA99B61D8CCA4D0019964F /* CoronaStructures.framework */,
			);
			name = Frameworks;
			sourceTree = "<group>";
		};
/* End PBXGroup section */

/* Begin PBXNativeTarget section */
		DCEA99871D8CC9F90019964F /* VoronoiVisualizer */ = {
			isa = PBXNativeTarget;
			buildConfigurationList = DCEA99971D8CC9F90019964F /* Build configuration list for PBXNativeTarget "VoronoiVisualizer" */;
			buildPhases = (
				DCEA99841D8CC9F90019964F /* Sources */,
				DCEA99851D8CC9F90019964F /* Frameworks */,
				DCEA99861D8CC9F90019964F /* Resources */,
			);
			buildRules = (
			);
			dependencies = (
			);
			name = VoronoiVisualizer;
			productName = VoronoiVisualizer;
			productReference = DCEA99881D8CC9F90019964F /* VoronoiVisualizer.app */;
			productType = "com.apple.product-type.application";
		};
/* End PBXNativeTarget section */

/* Begin PBXProject section */
		DCEA99801D8CC9F90019964F /* Project object */ = {
			isa = PBXProject;
			attributes = {
				LastSwiftUpdateCheck = 0800;
				LastUpgradeCheck = 0800;
				ORGANIZATIONNAME = "Cooper Knaak";
				TargetAttributes = {
					DCEA99871D8CC9F90019964F = {
						CreatedOnToolsVersion = 8.0;
						ProvisioningStyle = Automatic;
					};
				};
			};
			buildConfigurationList = DCEA99831D8CC9F90019964F /* Build configuration list for PBXProject "VoronoiVisualizer" */;
			compatibilityVersion = "Xcode 3.2";
			developmentRegion = English;
			hasScannedForEncodings = 0;
			knownRegions = (
				en,
				Base,
			);
			mainGroup = DCEA997F1D8CC9F90019964F;
			productRefGroup = DCEA99891D8CC9F90019964F /* Products */;
			projectDirPath = "";
			projectReferences = (
				{
					ProductGroup = DCEA999B1D8CCA380019964F /* Products */;
					ProjectRef = DCEA999A1D8CCA380019964F /* CoronaConvenience.xcodeproj */;
				},
				{
					ProductGroup = DCEA99A11D8CCA3E0019964F /* Products */;
					ProjectRef = DCEA99A01D8CCA3E0019964F /* CoronaGL.xcodeproj */;
				},
				{
					ProductGroup = DCEA99AA1D8CCA460019964F /* Products */;
					ProjectRef = DCEA99A91D8CCA460019964F /* Voronoi.xcodeproj */;
				},
			);
			projectRoot = "";
			targets = (
				DCEA99871D8CC9F90019964F /* VoronoiVisualizer */,
			);
		};
/* End PBXProject section */

/* Begin PBXReferenceProxy section */
		DCEA999F1D8CCA380019964F /* CoronaConvenience.framework */ = {
			isa = PBXReferenceProxy;
			fileType = wrapper.framework;
			path = CoronaConvenience.framework;
			remoteRef = DCEA999E1D8CCA380019964F /* PBXContainerItemProxy */;
			sourceTree = BUILT_PRODUCTS_DIR;
		};
		DCEA99A81D8CCA3E0019964F /* CoronaGL.framework */ = {
			isa = PBXReferenceProxy;
			fileType = wrapper.framework;
			path = CoronaGL.framework;
			remoteRef = DCEA99A71D8CCA3E0019964F /* PBXContainerItemProxy */;
			sourceTree = BUILT_PRODUCTS_DIR;
		};
		DCEA99B11D8CCA460019964F /* Voronoi.framework */ = {
			isa = PBXReferenceProxy;
			fileType = wrapper.framework;
			path = Voronoi.framework;
			remoteRef = DCEA99B01D8CCA460019964F /* PBXContainerItemProxy */;
			sourceTree = BUILT_PRODUCTS_DIR;
		};
/* End PBXReferenceProxy section */

/* Begin PBXResourcesBuildPhase section */
		DCEA99861D8CC9F90019964F /* Resources */ = {
			isa = PBXResourcesBuildPhase;
			buildActionMask = 2147483647;
			files = (
				DC130ECD1D8DBE65007304AF /* WhiteCircle.pdf in Resources */,
				DCEA99901D8CC9F90019964F /* Assets.xcassets in Resources */,
				DCEA99E71D8CFD0A0019964F /* WhiteTile.png in Resources */,
				DCEA99931D8CC9F90019964F /* Main.storyboard in Resources */,
				DC130ED21D8DC6CD007304AF /* ColorShader.vsh in Resources */,
				DCEA99E51D8CFD040019964F /* Atlases.xml in Resources */,
				DCEA99E21D8CFC380019964F /* BasicShader.fsh in Resources */,
				DCEA99E31D8CFC380019964F /* BasicShader.vsh in Resources */,
				DC130ED41D8DC6D8007304AF /* ColorShader.fsh in Resources */,
			);
			runOnlyForDeploymentPostprocessing = 0;
		};
/* End PBXResourcesBuildPhase section */

/* Begin PBXSourcesBuildPhase section */
		DCEA99841D8CC9F90019964F /* Sources */ = {
			isa = PBXSourcesBuildPhase;
			buildActionMask = 2147483647;
			files = (
				DC130ED81D8DC753007304AF /* GLSVoronoiEdgeSprite.swift in Sources */,
				DC55FA1F1DA1725B00AB31AA /* TreeController.swift in Sources */,
				DC130EDA1D8DE2A9007304AF /* WindowResizeController.swift in Sources */,
				DC8B22971D8F908C00C0BA11 /* ViewController.swift in Sources */,
				DCEA998C1D8CC9F90019964F /* AppDelegate.swift in Sources */,
			);
			runOnlyForDeploymentPostprocessing = 0;
		};
/* End PBXSourcesBuildPhase section */

/* Begin PBXVariantGroup section */
		DCEA99911D8CC9F90019964F /* Main.storyboard */ = {
			isa = PBXVariantGroup;
			children = (
				DCEA99921D8CC9F90019964F /* Base */,
			);
			name = Main.storyboard;
			sourceTree = "<group>";
		};
/* End PBXVariantGroup section */

/* Begin XCBuildConfiguration section */
		DCEA99951D8CC9F90019964F /* Debug */ = {
			isa = XCBuildConfiguration;
			buildSettings = {
				ALWAYS_SEARCH_USER_PATHS = NO;
				CLANG_ANALYZER_NONNULL = YES;
				CLANG_CXX_LANGUAGE_STANDARD = "gnu++0x";
				CLANG_CXX_LIBRARY = "libc++";
				CLANG_ENABLE_MODULES = YES;
				CLANG_ENABLE_OBJC_ARC = YES;
				CLANG_WARN_BOOL_CONVERSION = YES;
				CLANG_WARN_CONSTANT_CONVERSION = YES;
				CLANG_WARN_DIRECT_OBJC_ISA_USAGE = YES_ERROR;
				CLANG_WARN_DOCUMENTATION_COMMENTS = YES;
				CLANG_WARN_EMPTY_BODY = YES;
				CLANG_WARN_ENUM_CONVERSION = YES;
				CLANG_WARN_INFINITE_RECURSION = YES;
				CLANG_WARN_INT_CONVERSION = YES;
				CLANG_WARN_OBJC_ROOT_CLASS = YES_ERROR;
				CLANG_WARN_SUSPICIOUS_MOVES = YES;
				CLANG_WARN_UNREACHABLE_CODE = YES;
				CLANG_WARN__DUPLICATE_METHOD_MATCH = YES;
				CODE_SIGN_IDENTITY = "-";
				COPY_PHASE_STRIP = NO;
				DEBUG_INFORMATION_FORMAT = dwarf;
				ENABLE_STRICT_OBJC_MSGSEND = YES;
				ENABLE_TESTABILITY = YES;
				GCC_C_LANGUAGE_STANDARD = gnu99;
				GCC_DYNAMIC_NO_PIC = NO;
				GCC_NO_COMMON_BLOCKS = YES;
				GCC_OPTIMIZATION_LEVEL = 0;
				GCC_PREPROCESSOR_DEFINITIONS = (
					"DEBUG=1",
					"$(inherited)",
				);
				GCC_WARN_64_TO_32_BIT_CONVERSION = YES;
				GCC_WARN_ABOUT_RETURN_TYPE = YES_ERROR;
				GCC_WARN_UNDECLARED_SELECTOR = YES;
				GCC_WARN_UNINITIALIZED_AUTOS = YES_AGGRESSIVE;
				GCC_WARN_UNUSED_FUNCTION = YES;
				GCC_WARN_UNUSED_VARIABLE = YES;
				MACOSX_DEPLOYMENT_TARGET = 10.11;
				MTL_ENABLE_DEBUG_INFO = YES;
				ONLY_ACTIVE_ARCH = YES;
				SDKROOT = macosx;
				SWIFT_ACTIVE_COMPILATION_CONDITIONS = DEBUG;
				SWIFT_OPTIMIZATION_LEVEL = "-Onone";
			};
			name = Debug;
		};
		DCEA99961D8CC9F90019964F /* Release */ = {
			isa = XCBuildConfiguration;
			buildSettings = {
				ALWAYS_SEARCH_USER_PATHS = NO;
				CLANG_ANALYZER_NONNULL = YES;
				CLANG_CXX_LANGUAGE_STANDARD = "gnu++0x";
				CLANG_CXX_LIBRARY = "libc++";
				CLANG_ENABLE_MODULES = YES;
				CLANG_ENABLE_OBJC_ARC = YES;
				CLANG_WARN_BOOL_CONVERSION = YES;
				CLANG_WARN_CONSTANT_CONVERSION = YES;
				CLANG_WARN_DIRECT_OBJC_ISA_USAGE = YES_ERROR;
				CLANG_WARN_DOCUMENTATION_COMMENTS = YES;
				CLANG_WARN_EMPTY_BODY = YES;
				CLANG_WARN_ENUM_CONVERSION = YES;
				CLANG_WARN_INFINITE_RECURSION = YES;
				CLANG_WARN_INT_CONVERSION = YES;
				CLANG_WARN_OBJC_ROOT_CLASS = YES_ERROR;
				CLANG_WARN_SUSPICIOUS_MOVES = YES;
				CLANG_WARN_UNREACHABLE_CODE = YES;
				CLANG_WARN__DUPLICATE_METHOD_MATCH = YES;
				CODE_SIGN_IDENTITY = "-";
				COPY_PHASE_STRIP = NO;
				DEBUG_INFORMATION_FORMAT = "dwarf-with-dsym";
				ENABLE_NS_ASSERTIONS = NO;
				ENABLE_STRICT_OBJC_MSGSEND = YES;
				GCC_C_LANGUAGE_STANDARD = gnu99;
				GCC_NO_COMMON_BLOCKS = YES;
				GCC_WARN_64_TO_32_BIT_CONVERSION = YES;
				GCC_WARN_ABOUT_RETURN_TYPE = YES_ERROR;
				GCC_WARN_UNDECLARED_SELECTOR = YES;
				GCC_WARN_UNINITIALIZED_AUTOS = YES_AGGRESSIVE;
				GCC_WARN_UNUSED_FUNCTION = YES;
				GCC_WARN_UNUSED_VARIABLE = YES;
				MACOSX_DEPLOYMENT_TARGET = 10.11;
				MTL_ENABLE_DEBUG_INFO = NO;
				SDKROOT = macosx;
				SWIFT_OPTIMIZATION_LEVEL = "-Owholemodule";
			};
			name = Release;
		};
		DCEA99981D8CC9F90019964F /* Debug */ = {
			isa = XCBuildConfiguration;
			buildSettings = {
				ASSETCATALOG_COMPILER_APPICON_NAME = AppIcon;
				COMBINE_HIDPI_IMAGES = YES;
				INFOPLIST_FILE = VoronoiVisualizer/Info.plist;
				LD_RUNPATH_SEARCH_PATHS = "$(inherited) @executable_path/../Frameworks";
				PRODUCT_BUNDLE_IDENTIFIER = "Corona-Corporation.VoronoiVisualizer";
				PRODUCT_NAME = "$(TARGET_NAME)";
				SWIFT_VERSION = 3.0;
			};
			name = Debug;
		};
		DCEA99991D8CC9F90019964F /* Release */ = {
			isa = XCBuildConfiguration;
			buildSettings = {
				ASSETCATALOG_COMPILER_APPICON_NAME = AppIcon;
				COMBINE_HIDPI_IMAGES = YES;
				INFOPLIST_FILE = VoronoiVisualizer/Info.plist;
				LD_RUNPATH_SEARCH_PATHS = "$(inherited) @executable_path/../Frameworks";
				PRODUCT_BUNDLE_IDENTIFIER = "Corona-Corporation.VoronoiVisualizer";
				PRODUCT_NAME = "$(TARGET_NAME)";
				SWIFT_VERSION = 3.0;
			};
			name = Release;
		};
/* End XCBuildConfiguration section */

/* Begin XCConfigurationList section */
		DCEA99831D8CC9F90019964F /* Build configuration list for PBXProject "VoronoiVisualizer" */ = {
			isa = XCConfigurationList;
			buildConfigurations = (
				DCEA99951D8CC9F90019964F /* Debug */,
				DCEA99961D8CC9F90019964F /* Release */,
			);
			defaultConfigurationIsVisible = 0;
			defaultConfigurationName = Release;
		};
		DCEA99971D8CC9F90019964F /* Build configuration list for PBXNativeTarget "VoronoiVisualizer" */ = {
			isa = XCConfigurationList;
			buildConfigurations = (
				DCEA99981D8CC9F90019964F /* Debug */,
				DCEA99991D8CC9F90019964F /* Release */,
			);
			defaultConfigurationIsVisible = 0;
			defaultConfigurationName = Release;
		};
/* End XCConfigurationList section */
	};
	rootObject = DCEA99801D8CC9F90019964F /* Project object */;
}
