// !$*UTF8*$!
{
	archiveVersion = 1;
	classes = {
	};
	objectVersion = 46;
	objects = {

/* Begin PBXBuildFile section */
		DC075EED1DD1833E006EDF2D /* CoronaConvenience.framework in Frameworks */ = {isa = PBXBuildFile; fileRef = DCAC32031DD17E55006F85DA /* CoronaConvenience.framework */; };
		DC075EEE1DD1833E006EDF2D /* CoronaGL.framework in Frameworks */ = {isa = PBXBuildFile; fileRef = DCAC32121DD17E66006F85DA /* CoronaGL.framework */; };
		DC075EEF1DD1833E006EDF2D /* CoronaStructures.framework in Frameworks */ = {isa = PBXBuildFile; fileRef = DCAC320A1DD17E5F006F85DA /* CoronaStructures.framework */; };
		DC130ECD1D8DBE65007304AF /* WhiteCircle.pdf in Resources */ = {isa = PBXBuildFile; fileRef = DC130ECC1D8DBE65007304AF /* WhiteCircle.pdf */; };
		DC130ED21D8DC6CD007304AF /* ColorShader.vsh in Resources */ = {isa = PBXBuildFile; fileRef = DC130ED11D8DC6CD007304AF /* ColorShader.vsh */; };
		DC130ED41D8DC6D8007304AF /* ColorShader.fsh in Resources */ = {isa = PBXBuildFile; fileRef = DC130ED31D8DC6D8007304AF /* ColorShader.fsh */; };
		DC130ED81D8DC753007304AF /* GLSVoronoiEdgeSprite.swift in Sources */ = {isa = PBXBuildFile; fileRef = DC130ED71D8DC753007304AF /* GLSVoronoiEdgeSprite.swift */; };
		DC130EDA1D8DE2A9007304AF /* WindowResizeController.swift in Sources */ = {isa = PBXBuildFile; fileRef = DC130ED91D8DE2A9007304AF /* WindowResizeController.swift */; };
		DC17C7371EA5B0F500822E54 /* SortedArray.swift in Sources */ = {isa = PBXBuildFile; fileRef = DC17C7361EA5B0F500822E54 /* SortedArray.swift */; };
		DC1ADA4E1DBD2E2900201A32 /* ColorSliderController.swift in Sources */ = {isa = PBXBuildFile; fileRef = DC1ADA4D1DBD2E2900201A32 /* ColorSliderController.swift */; };
		DC520FF21EA9C195008A9D35 /* BilinearGradientController.swift in Sources */ = {isa = PBXBuildFile; fileRef = DC520FF11EA9C195008A9D35 /* BilinearGradientController.swift */; };
		DC520FF81EA9C268008A9D35 /* ColorTabViewController.swift in Sources */ = {isa = PBXBuildFile; fileRef = DC520FF71EA9C268008A9D35 /* ColorTabViewController.swift */; };
		DC520FFA1EA9C28B008A9D35 /* ColorSplitViewController.swift in Sources */ = {isa = PBXBuildFile; fileRef = DC520FF91EA9C28B008A9D35 /* ColorSplitViewController.swift */; };
		DC520FFC1EA9C5A2008A9D35 /* ColorAnchors.swift in Sources */ = {isa = PBXBuildFile; fileRef = DC520FFB1EA9C5A2008A9D35 /* ColorAnchors.swift */; };
		DC6890BF1EB8CB330046456F /* CheckeredBackground.png in Resources */ = {isa = PBXBuildFile; fileRef = DC6890BE1EB8CB330046456F /* CheckeredBackground.png */; };
		DC6890C21EB8CB530046456F /* ColorWheelShader.fsh in Resources */ = {isa = PBXBuildFile; fileRef = DC6890C01EB8CB530046456F /* ColorWheelShader.fsh */; };
		DC6890C31EB8CB530046456F /* ColorWheelShader.vsh in Resources */ = {isa = PBXBuildFile; fileRef = DC6890C11EB8CB530046456F /* ColorWheelShader.vsh */; };
		DC6A6BA41FF941D900B42655 /* VoronoiImageMask.swift in Sources */ = {isa = PBXBuildFile; fileRef = DC6A6BA31FF941D900B42655 /* VoronoiImageMask.swift */; };
		DC6E8B201DCBCC7300620B7C /* CheckerShader.fsh in Resources */ = {isa = PBXBuildFile; fileRef = DC6E8B1E1DCBCC7300620B7C /* CheckerShader.fsh */; };
		DC6E8B211DCBCC7300620B7C /* CheckerShader.vsh in Resources */ = {isa = PBXBuildFile; fileRef = DC6E8B1F1DCBCC7300620B7C /* CheckerShader.vsh */; };
		DC7D14871EA6970C00118E46 /* BilinearGradientView.swift in Sources */ = {isa = PBXBuildFile; fileRef = DC7D14861EA6970C00118E46 /* BilinearGradientView.swift */; };
		DC8B22971D8F908C00C0BA11 /* ViewController.swift in Sources */ = {isa = PBXBuildFile; fileRef = DCEA998D1D8CC9F90019964F /* ViewController.swift */; };
		DC9FFD621EA8FCE40058493C /* LightSourceGradient.swift in Sources */ = {isa = PBXBuildFile; fileRef = DC9FFD611EA8FCE40058493C /* LightSourceGradient.swift */; };
		DC9FFD691EA930020058493C /* HighBrightnessIcon.png in Resources */ = {isa = PBXBuildFile; fileRef = DC9FFD671EA930020058493C /* HighBrightnessIcon.png */; };
		DC9FFD6A1EA930020058493C /* LowBrightnessIcon.png in Resources */ = {isa = PBXBuildFile; fileRef = DC9FFD681EA930020058493C /* LowBrightnessIcon.png */; };
		DC9FFD6C1EA945620058493C /* ColorChooserController.swift in Sources */ = {isa = PBXBuildFile; fileRef = DC9FFD6B1EA945620058493C /* ColorChooserController.swift */; };
		DCB1D3221EAC4770002BAFF1 /* VoronoiViewColoringScheme.swift in Sources */ = {isa = PBXBuildFile; fileRef = DCB1D3211EAC4770002BAFF1 /* VoronoiViewColoringScheme.swift */; };
		DCC593D51DC8DDB40033986E /* ColorWheelView.swift in Sources */ = {isa = PBXBuildFile; fileRef = DCC593D41DC8DDB40033986E /* ColorWheelView.swift */; };
		DCC680131E76F1CC00E2C51A /* GLSPolygonSprite.swift in Sources */ = {isa = PBXBuildFile; fileRef = DCC680121E76F1CC00E2C51A /* GLSPolygonSprite.swift */; };
		DCD0ED651DCFD92400064BD1 /* OutlinedCircle.png in Resources */ = {isa = PBXBuildFile; fileRef = DCD0ED641DCFD92400064BD1 /* OutlinedCircle.png */; };
		DCD0ED6A1DCFF94500064BD1 /* VoronoiView.swift in Sources */ = {isa = PBXBuildFile; fileRef = DCD0ED691DCFF94500064BD1 /* VoronoiView.swift */; };
		DCE0D1F01DCAA9610047F993 /* ColorList.swift in Sources */ = {isa = PBXBuildFile; fileRef = DCE0D1EF1DCAA9610047F993 /* ColorList.swift */; };
		DCE0D1F51DCAA9670047F993 /* ColorListItem.swift in Sources */ = {isa = PBXBuildFile; fileRef = DCE0D1F41DCAA9670047F993 /* ColorListItem.swift */; };
		DCEA998C1D8CC9F90019964F /* AppDelegate.swift in Sources */ = {isa = PBXBuildFile; fileRef = DCEA998B1D8CC9F90019964F /* AppDelegate.swift */; };
		DCEA99901D8CC9F90019964F /* Assets.xcassets in Resources */ = {isa = PBXBuildFile; fileRef = DCEA998F1D8CC9F90019964F /* Assets.xcassets */; };
		DCEA99931D8CC9F90019964F /* Main.storyboard in Resources */ = {isa = PBXBuildFile; fileRef = DCEA99911D8CC9F90019964F /* Main.storyboard */; };
		DCEA99B41D8CCA4D0019964F /* Voronoi.framework in Frameworks */ = {isa = PBXBuildFile; fileRef = DCEA99B11D8CCA460019964F /* Voronoi.framework */; };
		DCEA99E21D8CFC380019964F /* BasicShader.fsh in Resources */ = {isa = PBXBuildFile; fileRef = DCEA99E01D8CFC380019964F /* BasicShader.fsh */; };
		DCEA99E31D8CFC380019964F /* BasicShader.vsh in Resources */ = {isa = PBXBuildFile; fileRef = DCEA99E11D8CFC380019964F /* BasicShader.vsh */; };
		DCEA99E51D8CFD040019964F /* Atlases.xml in Resources */ = {isa = PBXBuildFile; fileRef = DCEA99E41D8CFD040019964F /* Atlases.xml */; };
		DCEA99E71D8CFD0A0019964F /* WhiteTile.png in Resources */ = {isa = PBXBuildFile; fileRef = DCEA99E61D8CFD0A0019964F /* WhiteTile.png */; };
/* End PBXBuildFile section */

/* Begin PBXContainerItemProxy section */
		DC17C62A1FE5F12800C7164E /* PBXContainerItemProxy */ = {
			isa = PBXContainerItemProxy;
			containerPortal = DCAC31FE1DD17E55006F85DA /* CoronaConvenience.xcodeproj */;
			proxyType = 2;
			remoteGlobalIDString = DC6B68CA1EB59E7700B0FF92;
			remoteInfo = CoronaConvenience.Tests;
		};
		DC17C62F1FE5F12800C7164E /* PBXContainerItemProxy */ = {
			isa = PBXContainerItemProxy;
			containerPortal = DCAC32041DD17E5F006F85DA /* CoronaStructures.xcodeproj */;
			proxyType = 2;
			remoteGlobalIDString = DC66C0D51F43C9AB0097AB9C;
			remoteInfo = "CoronaStructures-Tests";
		};
		DCAC32021DD17E55006F85DA /* PBXContainerItemProxy */ = {
			isa = PBXContainerItemProxy;
			containerPortal = DCAC31FE1DD17E55006F85DA /* CoronaConvenience.xcodeproj */;
			proxyType = 2;
			remoteGlobalIDString = DC4D07951D7D233A00862432;
			remoteInfo = CoronaConvenience;
		};
		DCAC32091DD17E5F006F85DA /* PBXContainerItemProxy */ = {
			isa = PBXContainerItemProxy;
			containerPortal = DCAC32041DD17E5F006F85DA /* CoronaStructures.xcodeproj */;
			proxyType = 2;
			remoteGlobalIDString = DC7428CE1D7F4446001AF8E1;
			remoteInfo = CoronaStructures;
		};
		DCAC32111DD17E66006F85DA /* PBXContainerItemProxy */ = {
			isa = PBXContainerItemProxy;
			containerPortal = DCAC320B1DD17E66006F85DA /* CoronaGL.xcodeproj */;
			proxyType = 2;
			remoteGlobalIDString = DC5CDC891D80B30F008C2A8D;
			remoteInfo = CoronaGL;
		};
		DCEA99B01D8CCA460019964F /* PBXContainerItemProxy */ = {
			isa = PBXContainerItemProxy;
			containerPortal = DCEA99A91D8CCA460019964F /* Voronoi.xcodeproj */;
			proxyType = 2;
			remoteGlobalIDString = DC11AF291CFFA232001439BA;
			remoteInfo = Voronoi;
		};
/* End PBXContainerItemProxy section */

/* Begin PBXFileReference section */
		DC130ECC1D8DBE65007304AF /* WhiteCircle.pdf */ = {isa = PBXFileReference; lastKnownFileType = image.pdf; path = WhiteCircle.pdf; sourceTree = "<group>"; };
		DC130ED11D8DC6CD007304AF /* ColorShader.vsh */ = {isa = PBXFileReference; fileEncoding = 4; lastKnownFileType = sourcecode.glsl; path = ColorShader.vsh; sourceTree = "<group>"; };
		DC130ED31D8DC6D8007304AF /* ColorShader.fsh */ = {isa = PBXFileReference; fileEncoding = 4; lastKnownFileType = sourcecode.glsl; path = ColorShader.fsh; sourceTree = "<group>"; };
		DC130ED71D8DC753007304AF /* GLSVoronoiEdgeSprite.swift */ = {isa = PBXFileReference; fileEncoding = 4; lastKnownFileType = sourcecode.swift; path = GLSVoronoiEdgeSprite.swift; sourceTree = "<group>"; };
		DC130ED91D8DE2A9007304AF /* WindowResizeController.swift */ = {isa = PBXFileReference; fileEncoding = 4; lastKnownFileType = sourcecode.swift; path = WindowResizeController.swift; sourceTree = "<group>"; };
		DC17C7361EA5B0F500822E54 /* SortedArray.swift */ = {isa = PBXFileReference; fileEncoding = 4; lastKnownFileType = sourcecode.swift; path = SortedArray.swift; sourceTree = "<group>"; };
		DC1ADA4D1DBD2E2900201A32 /* ColorSliderController.swift */ = {isa = PBXFileReference; fileEncoding = 4; lastKnownFileType = sourcecode.swift; path = ColorSliderController.swift; sourceTree = "<group>"; };
		DC520FF11EA9C195008A9D35 /* BilinearGradientController.swift */ = {isa = PBXFileReference; fileEncoding = 4; lastKnownFileType = sourcecode.swift; path = BilinearGradientController.swift; sourceTree = "<group>"; };
		DC520FF71EA9C268008A9D35 /* ColorTabViewController.swift */ = {isa = PBXFileReference; fileEncoding = 4; lastKnownFileType = sourcecode.swift; path = ColorTabViewController.swift; sourceTree = "<group>"; };
		DC520FF91EA9C28B008A9D35 /* ColorSplitViewController.swift */ = {isa = PBXFileReference; fileEncoding = 4; lastKnownFileType = sourcecode.swift; path = ColorSplitViewController.swift; sourceTree = "<group>"; };
		DC520FFB1EA9C5A2008A9D35 /* ColorAnchors.swift */ = {isa = PBXFileReference; fileEncoding = 4; lastKnownFileType = sourcecode.swift; path = ColorAnchors.swift; sourceTree = "<group>"; };
		DC6890BE1EB8CB330046456F /* CheckeredBackground.png */ = {isa = PBXFileReference; lastKnownFileType = image.png; path = CheckeredBackground.png; sourceTree = "<group>"; };
		DC6890C01EB8CB530046456F /* ColorWheelShader.fsh */ = {isa = PBXFileReference; fileEncoding = 4; lastKnownFileType = sourcecode.glsl; path = ColorWheelShader.fsh; sourceTree = "<group>"; };
		DC6890C11EB8CB530046456F /* ColorWheelShader.vsh */ = {isa = PBXFileReference; fileEncoding = 4; lastKnownFileType = sourcecode.glsl; path = ColorWheelShader.vsh; sourceTree = "<group>"; };
		DC6A6BA31FF941D900B42655 /* VoronoiImageMask.swift */ = {isa = PBXFileReference; lastKnownFileType = sourcecode.swift; path = VoronoiImageMask.swift; sourceTree = "<group>"; };
		DC6E8B1E1DCBCC7300620B7C /* CheckerShader.fsh */ = {isa = PBXFileReference; fileEncoding = 4; lastKnownFileType = sourcecode.glsl; path = CheckerShader.fsh; sourceTree = "<group>"; };
		DC6E8B1F1DCBCC7300620B7C /* CheckerShader.vsh */ = {isa = PBXFileReference; fileEncoding = 4; lastKnownFileType = sourcecode.glsl; path = CheckerShader.vsh; sourceTree = "<group>"; };
		DC7D14861EA6970C00118E46 /* BilinearGradientView.swift */ = {isa = PBXFileReference; fileEncoding = 4; lastKnownFileType = sourcecode.swift; path = BilinearGradientView.swift; sourceTree = "<group>"; };
		DC9FFD611EA8FCE40058493C /* LightSourceGradient.swift */ = {isa = PBXFileReference; fileEncoding = 4; lastKnownFileType = sourcecode.swift; path = LightSourceGradient.swift; sourceTree = "<group>"; };
		DC9FFD671EA930020058493C /* HighBrightnessIcon.png */ = {isa = PBXFileReference; lastKnownFileType = image.png; path = HighBrightnessIcon.png; sourceTree = "<group>"; };
		DC9FFD681EA930020058493C /* LowBrightnessIcon.png */ = {isa = PBXFileReference; lastKnownFileType = image.png; path = LowBrightnessIcon.png; sourceTree = "<group>"; };
		DC9FFD6B1EA945620058493C /* ColorChooserController.swift */ = {isa = PBXFileReference; fileEncoding = 4; lastKnownFileType = sourcecode.swift; path = ColorChooserController.swift; sourceTree = "<group>"; };
		DCAC31FE1DD17E55006F85DA /* CoronaConvenience.xcodeproj */ = {isa = PBXFileReference; lastKnownFileType = "wrapper.pb-project"; name = CoronaConvenience.xcodeproj; path = ../CoronaConvenience/CoronaConvenience.xcodeproj; sourceTree = "<group>"; };
		DCAC32041DD17E5F006F85DA /* CoronaStructures.xcodeproj */ = {isa = PBXFileReference; lastKnownFileType = "wrapper.pb-project"; name = CoronaStructures.xcodeproj; path = ../CoronaStructures/CoronaStructures.xcodeproj; sourceTree = "<group>"; };
		DCAC320B1DD17E66006F85DA /* CoronaGL.xcodeproj */ = {isa = PBXFileReference; lastKnownFileType = "wrapper.pb-project"; name = CoronaGL.xcodeproj; path = ../CoronaGL/CoronaGL.xcodeproj; sourceTree = "<group>"; };
		DCB1D3211EAC4770002BAFF1 /* VoronoiViewColoringScheme.swift */ = {isa = PBXFileReference; fileEncoding = 4; lastKnownFileType = sourcecode.swift; path = VoronoiViewColoringScheme.swift; sourceTree = "<group>"; };
		DCC593D41DC8DDB40033986E /* ColorWheelView.swift */ = {isa = PBXFileReference; fileEncoding = 4; lastKnownFileType = sourcecode.swift; path = ColorWheelView.swift; sourceTree = "<group>"; };
		DCC680121E76F1CC00E2C51A /* GLSPolygonSprite.swift */ = {isa = PBXFileReference; fileEncoding = 4; lastKnownFileType = sourcecode.swift; path = GLSPolygonSprite.swift; sourceTree = "<group>"; };
		DCD0ED641DCFD92400064BD1 /* OutlinedCircle.png */ = {isa = PBXFileReference; lastKnownFileType = image.png; path = OutlinedCircle.png; sourceTree = "<group>"; };
		DCD0ED691DCFF94500064BD1 /* VoronoiView.swift */ = {isa = PBXFileReference; fileEncoding = 4; lastKnownFileType = sourcecode.swift; path = VoronoiView.swift; sourceTree = "<group>"; };
		DCE0D1EF1DCAA9610047F993 /* ColorList.swift */ = {isa = PBXFileReference; fileEncoding = 4; lastKnownFileType = sourcecode.swift; path = ColorList.swift; sourceTree = "<group>"; };
		DCE0D1F41DCAA9670047F993 /* ColorListItem.swift */ = {isa = PBXFileReference; fileEncoding = 4; lastKnownFileType = sourcecode.swift; path = ColorListItem.swift; sourceTree = "<group>"; };
		DCEA99881D8CC9F90019964F /* VoronoiVisualizer.app */ = {isa = PBXFileReference; explicitFileType = wrapper.application; includeInIndex = 0; path = VoronoiVisualizer.app; sourceTree = BUILT_PRODUCTS_DIR; };
		DCEA998B1D8CC9F90019964F /* AppDelegate.swift */ = {isa = PBXFileReference; lastKnownFileType = sourcecode.swift; path = AppDelegate.swift; sourceTree = "<group>"; };
		DCEA998D1D8CC9F90019964F /* ViewController.swift */ = {isa = PBXFileReference; lastKnownFileType = sourcecode.swift; path = ViewController.swift; sourceTree = "<group>"; };
		DCEA998F1D8CC9F90019964F /* Assets.xcassets */ = {isa = PBXFileReference; lastKnownFileType = folder.assetcatalog; path = Assets.xcassets; sourceTree = "<group>"; };
		DCEA99921D8CC9F90019964F /* Base */ = {isa = PBXFileReference; lastKnownFileType = file.storyboard; name = Base; path = Base.lproj/Main.storyboard; sourceTree = "<group>"; };
		DCEA99941D8CC9F90019964F /* Info.plist */ = {isa = PBXFileReference; lastKnownFileType = text.plist.xml; path = Info.plist; sourceTree = "<group>"; };
		DCEA99A91D8CCA460019964F /* Voronoi.xcodeproj */ = {isa = PBXFileReference; lastKnownFileType = "wrapper.pb-project"; name = Voronoi.xcodeproj; path = ../Voronoi/Voronoi.xcodeproj; sourceTree = "<group>"; };
		DCEA99B61D8CCA4D0019964F /* CoronaStructures.framework */ = {isa = PBXFileReference; lastKnownFileType = wrapper.framework; name = CoronaStructures.framework; path = "../Refactored Dependencies/CoronaStructures/build/Debug-iphoneos/CoronaStructures.framework"; sourceTree = "<group>"; };
		DCEA99E01D8CFC380019964F /* BasicShader.fsh */ = {isa = PBXFileReference; fileEncoding = 4; lastKnownFileType = sourcecode.glsl; path = BasicShader.fsh; sourceTree = "<group>"; };
		DCEA99E11D8CFC380019964F /* BasicShader.vsh */ = {isa = PBXFileReference; fileEncoding = 4; lastKnownFileType = sourcecode.glsl; path = BasicShader.vsh; sourceTree = "<group>"; };
		DCEA99E41D8CFD040019964F /* Atlases.xml */ = {isa = PBXFileReference; fileEncoding = 4; lastKnownFileType = text.xml; path = Atlases.xml; sourceTree = "<group>"; };
		DCEA99E61D8CFD0A0019964F /* WhiteTile.png */ = {isa = PBXFileReference; lastKnownFileType = image.png; path = WhiteTile.png; sourceTree = "<group>"; };
/* End PBXFileReference section */

/* Begin PBXFrameworksBuildPhase section */
		DCEA99851D8CC9F90019964F /* Frameworks */ = {
			isa = PBXFrameworksBuildPhase;
			buildActionMask = 2147483647;
			files = (
				DC075EED1DD1833E006EDF2D /* CoronaConvenience.framework in Frameworks */,
				DC075EEE1DD1833E006EDF2D /* CoronaGL.framework in Frameworks */,
				DC075EEF1DD1833E006EDF2D /* CoronaStructures.framework in Frameworks */,
				DCEA99B41D8CCA4D0019964F /* Voronoi.framework in Frameworks */,
			);
			runOnlyForDeploymentPostprocessing = 0;
		};
/* End PBXFrameworksBuildPhase section */

/* Begin PBXGroup section */
		DC6E8B091DCBC36E00620B7C /* Shaders */ = {
			isa = PBXGroup;
			children = (
				DCEA99E11D8CFC380019964F /* BasicShader.vsh */,
				DCEA99E01D8CFC380019964F /* BasicShader.fsh */,
				DC6E8B1F1DCBCC7300620B7C /* CheckerShader.vsh */,
				DC6E8B1E1DCBCC7300620B7C /* CheckerShader.fsh */,
				DC130ED11D8DC6CD007304AF /* ColorShader.vsh */,
				DC130ED31D8DC6D8007304AF /* ColorShader.fsh */,
				DC6890C01EB8CB530046456F /* ColorWheelShader.fsh */,
				DC6890C11EB8CB530046456F /* ColorWheelShader.vsh */,
			);
			name = Shaders;
			sourceTree = "<group>";
		};
		DCAC31FF1DD17E55006F85DA /* Products */ = {
			isa = PBXGroup;
			children = (
				DCAC32031DD17E55006F85DA /* CoronaConvenience.framework */,
				DC17C62B1FE5F12800C7164E /* CoronaConvenience.Tests.xctest */,
			);
			name = Products;
			sourceTree = "<group>";
		};
		DCAC32051DD17E5F006F85DA /* Products */ = {
			isa = PBXGroup;
			children = (
				DCAC320A1DD17E5F006F85DA /* CoronaStructures.framework */,
				DC17C6301FE5F12800C7164E /* CoronaStructures-Tests.xctest */,
			);
			name = Products;
			sourceTree = "<group>";
		};
		DCAC320C1DD17E66006F85DA /* Products */ = {
			isa = PBXGroup;
			children = (
				DCAC32121DD17E66006F85DA /* CoronaGL.framework */,
			);
			name = Products;
			sourceTree = "<group>";
		};
		DCEA997F1D8CC9F90019964F = {
			isa = PBXGroup;
			children = (
				DCAC31FE1DD17E55006F85DA /* CoronaConvenience.xcodeproj */,
				DCAC32041DD17E5F006F85DA /* CoronaStructures.xcodeproj */,
				DCAC320B1DD17E66006F85DA /* CoronaGL.xcodeproj */,
				DCEA99A91D8CCA460019964F /* Voronoi.xcodeproj */,
				DCEA998A1D8CC9F90019964F /* VoronoiVisualizer */,
				DCEA99891D8CC9F90019964F /* Products */,
				DCEA99B51D8CCA4D0019964F /* Frameworks */,
			);
			sourceTree = "<group>";
		};
		DCEA99891D8CC9F90019964F /* Products */ = {
			isa = PBXGroup;
			children = (
				DCEA99881D8CC9F90019964F /* VoronoiVisualizer.app */,
			);
			name = Products;
			sourceTree = "<group>";
		};
		DCEA998A1D8CC9F90019964F /* VoronoiVisualizer */ = {
			isa = PBXGroup;
			children = (
				DCEA99E41D8CFD040019964F /* Atlases.xml */,
				DC9FFD681EA930020058493C /* LowBrightnessIcon.png */,
				DC9FFD671EA930020058493C /* HighBrightnessIcon.png */,
				DC6890BE1EB8CB330046456F /* CheckeredBackground.png */,
				DCD0ED641DCFD92400064BD1 /* OutlinedCircle.png */,
				DCEA99E61D8CFD0A0019964F /* WhiteTile.png */,
				DC130ECC1D8DBE65007304AF /* WhiteCircle.pdf */,
				DC6E8B091DCBC36E00620B7C /* Shaders */,
				DCEA998B1D8CC9F90019964F /* AppDelegate.swift */,
				DC520FF11EA9C195008A9D35 /* BilinearGradientController.swift */,
				DC7D14861EA6970C00118E46 /* BilinearGradientView.swift */,
				DC520FFB1EA9C5A2008A9D35 /* ColorAnchors.swift */,
				DC9FFD6B1EA945620058493C /* ColorChooserController.swift */,
				DC1ADA4D1DBD2E2900201A32 /* ColorSliderController.swift */,
				DC520FF91EA9C28B008A9D35 /* ColorSplitViewController.swift */,
				DC520FF71EA9C268008A9D35 /* ColorTabViewController.swift */,
				DCE0D1EF1DCAA9610047F993 /* ColorList.swift */,
				DCE0D1F41DCAA9670047F993 /* ColorListItem.swift */,
				DCC593D41DC8DDB40033986E /* ColorWheelView.swift */,
				DCC680121E76F1CC00E2C51A /* GLSPolygonSprite.swift */,
				DC130ED71D8DC753007304AF /* GLSVoronoiEdgeSprite.swift */,
				DC9FFD611EA8FCE40058493C /* LightSourceGradient.swift */,
				DC17C7361EA5B0F500822E54 /* SortedArray.swift */,
				DCEA998D1D8CC9F90019964F /* ViewController.swift */,
				DC6A6BA31FF941D900B42655 /* VoronoiImageMask.swift */,
				DCD0ED691DCFF94500064BD1 /* VoronoiView.swift */,
				DCB1D3211EAC4770002BAFF1 /* VoronoiViewColoringScheme.swift */,
				DC130ED91D8DE2A9007304AF /* WindowResizeController.swift */,
				DCEA998F1D8CC9F90019964F /* Assets.xcassets */,
				DCEA99911D8CC9F90019964F /* Main.storyboard */,
				DCEA99941D8CC9F90019964F /* Info.plist */,
			);
			path = VoronoiVisualizer;
			sourceTree = "<group>";
		};
		DCEA99AA1D8CCA460019964F /* Products */ = {
			isa = PBXGroup;
			children = (
				DCEA99B11D8CCA460019964F /* Voronoi.framework */,
			);
			name = Products;
			sourceTree = "<group>";
		};
		DCEA99B51D8CCA4D0019964F /* Frameworks */ = {
			isa = PBXGroup;
			children = (
				DCEA99B61D8CCA4D0019964F /* CoronaStructures.framework */,
			);
			name = Frameworks;
			sourceTree = "<group>";
		};
/* End PBXGroup section */

/* Begin PBXNativeTarget section */
		DCEA99871D8CC9F90019964F /* VoronoiVisualizer */ = {
			isa = PBXNativeTarget;
			buildConfigurationList = DCEA99971D8CC9F90019964F /* Build configuration list for PBXNativeTarget "VoronoiVisualizer" */;
			buildPhases = (
				DCEA99841D8CC9F90019964F /* Sources */,
				DCEA99851D8CC9F90019964F /* Frameworks */,
				DCEA99861D8CC9F90019964F /* Resources */,
			);
			buildRules = (
			);
			dependencies = (
			);
			name = VoronoiVisualizer;
			productName = VoronoiVisualizer;
			productReference = DCEA99881D8CC9F90019964F /* VoronoiVisualizer.app */;
			productType = "com.apple.product-type.application";
		};
/* End PBXNativeTarget section */

/* Begin PBXProject section */
		DCEA99801D8CC9F90019964F /* Project object */ = {
			isa = PBXProject;
			attributes = {
				LastSwiftUpdateCheck = 0800;
				LastUpgradeCheck = 0920;
				ORGANIZATIONNAME = "Cooper Knaak";
				TargetAttributes = {
					DCEA99871D8CC9F90019964F = {
						CreatedOnToolsVersion = 8.0;
						LastSwiftMigration = 0920;
						ProvisioningStyle = Automatic;
					};
				};
			};
			buildConfigurationList = DCEA99831D8CC9F90019964F /* Build configuration list for PBXProject "VoronoiVisualizer" */;
			compatibilityVersion = "Xcode 3.2";
			developmentRegion = English;
			hasScannedForEncodings = 0;
			knownRegions = (
				en,
				Base,
			);
			mainGroup = DCEA997F1D8CC9F90019964F;
			productRefGroup = DCEA99891D8CC9F90019964F /* Products */;
			projectDirPath = "";
			projectReferences = (
				{
					ProductGroup = DCAC31FF1DD17E55006F85DA /* Products */;
					ProjectRef = DCAC31FE1DD17E55006F85DA /* CoronaConvenience.xcodeproj */;
				},
				{
					ProductGroup = DCAC320C1DD17E66006F85DA /* Products */;
					ProjectRef = DCAC320B1DD17E66006F85DA /* CoronaGL.xcodeproj */;
				},
				{
					ProductGroup = DCAC32051DD17E5F006F85DA /* Products */;
					ProjectRef = DCAC32041DD17E5F006F85DA /* CoronaStructures.xcodeproj */;
				},
				{
					ProductGroup = DCEA99AA1D8CCA460019964F /* Products */;
					ProjectRef = DCEA99A91D8CCA460019964F /* Voronoi.xcodeproj */;
				},
			);
			projectRoot = "";
			targets = (
				DCEA99871D8CC9F90019964F /* VoronoiVisualizer */,
			);
		};
/* End PBXProject section */

/* Begin PBXReferenceProxy section */
		DC17C62B1FE5F12800C7164E /* CoronaConvenience.Tests.xctest */ = {
			isa = PBXReferenceProxy;
			fileType = wrapper.cfbundle;
			path = CoronaConvenience.Tests.xctest;
			remoteRef = DC17C62A1FE5F12800C7164E /* PBXContainerItemProxy */;
			sourceTree = BUILT_PRODUCTS_DIR;
		};
		DC17C6301FE5F12800C7164E /* CoronaStructures-Tests.xctest */ = {
			isa = PBXReferenceProxy;
			fileType = wrapper.cfbundle;
			path = "CoronaStructures-Tests.xctest";
			remoteRef = DC17C62F1FE5F12800C7164E /* PBXContainerItemProxy */;
			sourceTree = BUILT_PRODUCTS_DIR;
		};
		DCAC32031DD17E55006F85DA /* CoronaConvenience.framework */ = {
			isa = PBXReferenceProxy;
			fileType = wrapper.framework;
			path = CoronaConvenience.framework;
			remoteRef = DCAC32021DD17E55006F85DA /* PBXContainerItemProxy */;
			sourceTree = BUILT_PRODUCTS_DIR;
		};
		DCAC320A1DD17E5F006F85DA /* CoronaStructures.framework */ = {
			isa = PBXReferenceProxy;
			fileType = wrapper.framework;
			path = CoronaStructures.framework;
			remoteRef = DCAC32091DD17E5F006F85DA /* PBXContainerItemProxy */;
			sourceTree = BUILT_PRODUCTS_DIR;
		};
		DCAC32121DD17E66006F85DA /* CoronaGL.framework */ = {
			isa = PBXReferenceProxy;
			fileType = wrapper.framework;
			path = CoronaGL.framework;
			remoteRef = DCAC32111DD17E66006F85DA /* PBXContainerItemProxy */;
			sourceTree = BUILT_PRODUCTS_DIR;
		};
		DCEA99B11D8CCA460019964F /* Voronoi.framework */ = {
			isa = PBXReferenceProxy;
			fileType = wrapper.framework;
			path = Voronoi.framework;
			remoteRef = DCEA99B01D8CCA460019964F /* PBXContainerItemProxy */;
			sourceTree = BUILT_PRODUCTS_DIR;
		};
/* End PBXReferenceProxy section */

/* Begin PBXResourcesBuildPhase section */
		DCEA99861D8CC9F90019964F /* Resources */ = {
			isa = PBXResourcesBuildPhase;
			buildActionMask = 2147483647;
			files = (
				DC6890C31EB8CB530046456F /* ColorWheelShader.vsh in Resources */,
				DC130ECD1D8DBE65007304AF /* WhiteCircle.pdf in Resources */,
				DC6E8B201DCBCC7300620B7C /* CheckerShader.fsh in Resources */,
				DCEA99901D8CC9F90019964F /* Assets.xcassets in Resources */,
				DCEA99E71D8CFD0A0019964F /* WhiteTile.png in Resources */,
				DCEA99931D8CC9F90019964F /* Main.storyboard in Resources */,
				DC130ED21D8DC6CD007304AF /* ColorShader.vsh in Resources */,
				DC6E8B211DCBCC7300620B7C /* CheckerShader.vsh in Resources */,
				DCEA99E51D8CFD040019964F /* Atlases.xml in Resources */,
				DCD0ED651DCFD92400064BD1 /* OutlinedCircle.png in Resources */,
				DC9FFD691EA930020058493C /* HighBrightnessIcon.png in Resources */,
				DCEA99E21D8CFC380019964F /* BasicShader.fsh in Resources */,
				DCEA99E31D8CFC380019964F /* BasicShader.vsh in Resources */,
				DC9FFD6A1EA930020058493C /* LowBrightnessIcon.png in Resources */,
				DC130ED41D8DC6D8007304AF /* ColorShader.fsh in Resources */,
				DC6890C21EB8CB530046456F /* ColorWheelShader.fsh in Resources */,
				DC6890BF1EB8CB330046456F /* CheckeredBackground.png in Resources */,
			);
			runOnlyForDeploymentPostprocessing = 0;
		};
/* End PBXResourcesBuildPhase section */

/* Begin PBXSourcesBuildPhase section */
		DCEA99841D8CC9F90019964F /* Sources */ = {
			isa = PBXSourcesBuildPhase;
			buildActionMask = 2147483647;
			files = (
				DC520FF81EA9C268008A9D35 /* ColorTabViewController.swift in Sources */,
				DCC680131E76F1CC00E2C51A /* GLSPolygonSprite.swift in Sources */,
				DCE0D1F51DCAA9670047F993 /* ColorListItem.swift in Sources */,
				DCB1D3221EAC4770002BAFF1 /* VoronoiViewColoringScheme.swift in Sources */,
				DCC593D51DC8DDB40033986E /* ColorWheelView.swift in Sources */,
				DCE0D1F01DCAA9610047F993 /* ColorList.swift in Sources */,
				DC520FF21EA9C195008A9D35 /* BilinearGradientController.swift in Sources */,
				DC17C7371EA5B0F500822E54 /* SortedArray.swift in Sources */,
				DC130ED81D8DC753007304AF /* GLSVoronoiEdgeSprite.swift in Sources */,
				DC9FFD621EA8FCE40058493C /* LightSourceGradient.swift in Sources */,
				DC7D14871EA6970C00118E46 /* BilinearGradientView.swift in Sources */,
				DC130EDA1D8DE2A9007304AF /* WindowResizeController.swift in Sources */,
				DC8B22971D8F908C00C0BA11 /* ViewController.swift in Sources */,
				DC520FFC1EA9C5A2008A9D35 /* ColorAnchors.swift in Sources */,
				DCD0ED6A1DCFF94500064BD1 /* VoronoiView.swift in Sources */,
				DC9FFD6C1EA945620058493C /* ColorChooserController.swift in Sources */,
				DC6A6BA41FF941D900B42655 /* VoronoiImageMask.swift in Sources */,
				DC1ADA4E1DBD2E2900201A32 /* ColorSliderController.swift in Sources */,
				DC520FFA1EA9C28B008A9D35 /* ColorSplitViewController.swift in Sources */,
				DCEA998C1D8CC9F90019964F /* AppDelegate.swift in Sources */,
			);
			runOnlyForDeploymentPostprocessing = 0;
		};
/* End PBXSourcesBuildPhase section */

/* Begin PBXVariantGroup section */
		DCEA99911D8CC9F90019964F /* Main.storyboard */ = {
			isa = PBXVariantGroup;
			children = (
				DCEA99921D8CC9F90019964F /* Base */,
			);
			name = Main.storyboard;
			sourceTree = "<group>";
		};
/* End PBXVariantGroup section */

/* Begin XCBuildConfiguration section */
		DCEA99951D8CC9F90019964F /* Debug */ = {
			isa = XCBuildConfiguration;
			buildSettings = {
				ALWAYS_SEARCH_USER_PATHS = NO;
				CLANG_ANALYZER_NONNULL = YES;
				CLANG_CXX_LANGUAGE_STANDARD = "gnu++0x";
				CLANG_CXX_LIBRARY = "libc++";
				CLANG_ENABLE_MODULES = YES;
				CLANG_ENABLE_OBJC_ARC = YES;
				CLANG_WARN_BLOCK_CAPTURE_AUTORELEASING = YES;
				CLANG_WARN_BOOL_CONVERSION = YES;
				CLANG_WARN_COMMA = YES;
				CLANG_WARN_CONSTANT_CONVERSION = YES;
				CLANG_WARN_DIRECT_OBJC_ISA_USAGE = YES_ERROR;
				CLANG_WARN_DOCUMENTATION_COMMENTS = YES;
				CLANG_WARN_EMPTY_BODY = YES;
				CLANG_WARN_ENUM_CONVERSION = YES;
				CLANG_WARN_INFINITE_RECURSION = YES;
				CLANG_WARN_INT_CONVERSION = YES;
				CLANG_WARN_NON_LITERAL_NULL_CONVERSION = YES;
				CLANG_WARN_OBJC_LITERAL_CONVERSION = YES;
				CLANG_WARN_OBJC_ROOT_CLASS = YES_ERROR;
				CLANG_WARN_RANGE_LOOP_ANALYSIS = YES;
				CLANG_WARN_STRICT_PROTOTYPES = YES;
				CLANG_WARN_SUSPICIOUS_MOVE = YES;
				CLANG_WARN_SUSPICIOUS_MOVES = YES;
				CLANG_WARN_UNREACHABLE_CODE = YES;
				CLANG_WARN__DUPLICATE_METHOD_MATCH = YES;
				CODE_SIGN_IDENTITY = "-";
				COPY_PHASE_STRIP = NO;
				DEBUG_INFORMATION_FORMAT = dwarf;
				ENABLE_STRICT_OBJC_MSGSEND = YES;
				ENABLE_TESTABILITY = YES;
				GCC_C_LANGUAGE_STANDARD = gnu99;
				GCC_DYNAMIC_NO_PIC = NO;
				GCC_NO_COMMON_BLOCKS = YES;
				GCC_OPTIMIZATION_LEVEL = 0;
				GCC_PREPROCESSOR_DEFINITIONS = (
					"DEBUG=1",
					"$(inherited)",
				);
				GCC_WARN_64_TO_32_BIT_CONVERSION = YES;
				GCC_WARN_ABOUT_RETURN_TYPE = YES_ERROR;
				GCC_WARN_UNDECLARED_SELECTOR = YES;
				GCC_WARN_UNINITIALIZED_AUTOS = YES_AGGRESSIVE;
				GCC_WARN_UNUSED_FUNCTION = YES;
				GCC_WARN_UNUSED_VARIABLE = YES;
				MACOSX_DEPLOYMENT_TARGET = 10.11;
				MTL_ENABLE_DEBUG_INFO = YES;
				ONLY_ACTIVE_ARCH = YES;
				SDKROOT = macosx;
				SWIFT_ACTIVE_COMPILATION_CONDITIONS = DEBUG;
				SWIFT_OPTIMIZATION_LEVEL = "-Onone";
			};
			name = Debug;
		};
		DCEA99961D8CC9F90019964F /* Release */ = {
			isa = XCBuildConfiguration;
			buildSettings = {
				ALWAYS_SEARCH_USER_PATHS = NO;
				CLANG_ANALYZER_NONNULL = YES;
				CLANG_CXX_LANGUAGE_STANDARD = "gnu++0x";
				CLANG_CXX_LIBRARY = "libc++";
				CLANG_ENABLE_MODULES = YES;
				CLANG_ENABLE_OBJC_ARC = YES;
				CLANG_WARN_BLOCK_CAPTURE_AUTORELEASING = YES;
				CLANG_WARN_BOOL_CONVERSION = YES;
				CLANG_WARN_COMMA = YES;
				CLANG_WARN_CONSTANT_CONVERSION = YES;
				CLANG_WARN_DIRECT_OBJC_ISA_USAGE = YES_ERROR;
				CLANG_WARN_DOCUMENTATION_COMMENTS = YES;
				CLANG_WARN_EMPTY_BODY = YES;
				CLANG_WARN_ENUM_CONVERSION = YES;
				CLANG_WARN_INFINITE_RECURSION = YES;
				CLANG_WARN_INT_CONVERSION = YES;
				CLANG_WARN_NON_LITERAL_NULL_CONVERSION = YES;
				CLANG_WARN_OBJC_LITERAL_CONVERSION = YES;
				CLANG_WARN_OBJC_ROOT_CLASS = YES_ERROR;
				CLANG_WARN_RANGE_LOOP_ANALYSIS = YES;
				CLANG_WARN_STRICT_PROTOTYPES = YES;
				CLANG_WARN_SUSPICIOUS_MOVE = YES;
				CLANG_WARN_SUSPICIOUS_MOVES = YES;
				CLANG_WARN_UNREACHABLE_CODE = YES;
				CLANG_WARN__DUPLICATE_METHOD_MATCH = YES;
				CODE_SIGN_IDENTITY = "-";
				COPY_PHASE_STRIP = NO;
				DEBUG_INFORMATION_FORMAT = "dwarf-with-dsym";
				ENABLE_NS_ASSERTIONS = NO;
				ENABLE_STRICT_OBJC_MSGSEND = YES;
				GCC_C_LANGUAGE_STANDARD = gnu99;
				GCC_NO_COMMON_BLOCKS = YES;
				GCC_WARN_64_TO_32_BIT_CONVERSION = YES;
				GCC_WARN_ABOUT_RETURN_TYPE = YES_ERROR;
				GCC_WARN_UNDECLARED_SELECTOR = YES;
				GCC_WARN_UNINITIALIZED_AUTOS = YES_AGGRESSIVE;
				GCC_WARN_UNUSED_FUNCTION = YES;
				GCC_WARN_UNUSED_VARIABLE = YES;
				MACOSX_DEPLOYMENT_TARGET = 10.11;
				MTL_ENABLE_DEBUG_INFO = NO;
				SDKROOT = macosx;
				SWIFT_OPTIMIZATION_LEVEL = "-Owholemodule";
			};
			name = Release;
		};
		DCEA99981D8CC9F90019964F /* Debug */ = {
			isa = XCBuildConfiguration;
			buildSettings = {
				ASSETCATALOG_COMPILER_APPICON_NAME = AppIcon;
				COMBINE_HIDPI_IMAGES = YES;
				INFOPLIST_FILE = VoronoiVisualizer/Info.plist;
				LD_RUNPATH_SEARCH_PATHS = "$(inherited) @executable_path/../Frameworks";
				PRODUCT_BUNDLE_IDENTIFIER = "Corona-Corporation.VoronoiVisualizer";
				PRODUCT_NAME = "$(TARGET_NAME)";
				SWIFT_SWIFT3_OBJC_INFERENCE = Default;
				SWIFT_VERSION = 4.0;
			};
			name = Debug;
		};
		DCEA99991D8CC9F90019964F /* Release */ = {
			isa = XCBuildConfiguration;
			buildSettings = {
				ASSETCATALOG_COMPILER_APPICON_NAME = AppIcon;
				COMBINE_HIDPI_IMAGES = YES;
				INFOPLIST_FILE = VoronoiVisualizer/Info.plist;
				LD_RUNPATH_SEARCH_PATHS = "$(inherited) @executable_path/../Frameworks";
				PRODUCT_BUNDLE_IDENTIFIER = "Corona-Corporation.VoronoiVisualizer";
				PRODUCT_NAME = "$(TARGET_NAME)";
				SWIFT_SWIFT3_OBJC_INFERENCE = Default;
				SWIFT_VERSION = 4.0;
			};
			name = Release;
		};
/* End XCBuildConfiguration section */

/* Begin XCConfigurationList section */
		DCEA99831D8CC9F90019964F /* Build configuration list for PBXProject "VoronoiVisualizer" */ = {
			isa = XCConfigurationList;
			buildConfigurations = (
				DCEA99951D8CC9F90019964F /* Debug */,
				DCEA99961D8CC9F90019964F /* Release */,
			);
			defaultConfigurationIsVisible = 0;
			defaultConfigurationName = Release;
		};
		DCEA99971D8CC9F90019964F /* Build configuration list for PBXNativeTarget "VoronoiVisualizer" */ = {
			isa = XCConfigurationList;
			buildConfigurations = (
				DCEA99981D8CC9F90019964F /* Debug */,
				DCEA99991D8CC9F90019964F /* Release */,
			);
			defaultConfigurationIsVisible = 0;
			defaultConfigurationName = Release;
		};
/* End XCConfigurationList section */
	};
	rootObject = DCEA99801D8CC9F90019964F /* Project object */;
}
